
Microsoft Visual Studio Solution File, Format Version 12.00
# Visual Studio Version 16
VisualStudioVersion = 16.0.30517.126
MinimumVisualStudioVersion = 10.0.40219.1
Project("{FAE04EC0-301F-11D3-BF4B-00C04F79EFBC}") = "IddaaSimuService", "IddaaSimuService\IddaaSimuService.csproj", "{C5F8CC84-0C2C-427A-9581-B7DFB0D1A86A}"
EndProject
Project("{FAE04EC0-301F-11D3-BF4B-00C04F79EFBC}") = "TestApp", "TestApp\TestApp.csproj", "{5B61AA60-490A-4945-806F-23D18BBCE8B4}"
EndProject
Global
	GlobalSection(SolutionConfigurationPlatforms) = preSolution
		Debug|Any CPU = Debug|Any CPU
		Release|Any CPU = Release|Any CPU
	EndGlobalSection
	GlobalSection(ProjectConfigurationPlatforms) = postSolution
		{C5F8CC84-0C2C-427A-9581-B7DFB0D1A86A}.Debug|Any CPU.ActiveCfg = Debug|Any CPU
		{C5F8CC84-0C2C-427A-9581-B7DFB0D1A86A}.Debug|Any CPU.Build.0 = Debug|Any CPU
		{C5F8CC84-0C2C-427A-9581-B7DFB0D1A86A}.Release|Any CPU.ActiveCfg = Release|Any CPU
		{C5F8CC84-0C2C-427A-9581-B7DFB0D1A86A}.Release|Any CPU.Build.0 = Release|Any CPU
		{5B61AA60-490A-4945-806F-23D18BBCE8B4}.Debug|Any CPU.ActiveCfg = Debug|Any CPU
		{5B61AA60-490A-4945-806F-23D18BBCE8B4}.Debug|Any CPU.Build.0 = Debug|Any CPU
		{5B61AA60-490A-4945-806F-23D18BBCE8B4}.Release|Any CPU.ActiveCfg = Release|Any CPU
		{5B61AA60-490A-4945-806F-23D18BBCE8B4}.Release|Any CPU.Build.0 = Release|Any CPU
	EndGlobalSection
	GlobalSection(SolutionProperties) = preSolution
		HideSolutionNode = FALSE
	EndGlobalSection
	GlobalSection(ExtensibilityGlobals) = postSolution
		SolutionGuid = {43B2690B-79F6-41F7-943E-0E6EE34BAF15}
	EndGlobalSection
EndGlobal
